<?xml version="1.0" encoding="utf-8"?>
<Project ToolsVersion="4.0" xmlns="http://schemas.microsoft.com/developer/msbuild/2003">
  <ItemGroup>
    <Filter Include="Headers">
      <UniqueIdentifier>{93995380-89BD-4b04-88EB-625FBE52EBFB}</UniqueIdentifier>
      <Extensions>h;hh;hpp;hxx;hm;inl;inc;ipp;xsd</Extensions>
    </Filter>
    <Filter Include="Sources">
      <UniqueIdentifier>{4FC737F1-C7A5-4376-A066-2A32D752A2FF}</UniqueIdentifier>
      <Extensions>cpp;c;cc;cxx;def;odl;idl;hpj;bat;asm;asmx</Extensions>
    </Filter>
  </ItemGroup>
  <ItemGroup>
    <ClCompile Include="..\..\..\src\dspcore\acf.cpp">
      <Filter>Sources</Filter>
    </ClCompile>
    <ClCompile Include="..\..\..\src\dspcore\amdf.cpp">
      <Filter>Sources</Filter>
    </ClCompile>
    <ClCompile Include="..\..\..\src\iocore\arffSink.cpp">
      <Filter>Sources</Filter>
    </ClCompile>
    <ClCompile Include="..\..\..\src\iocore\arffSource.cpp">
      <Filter>Sources</Filter>
    </ClCompile>
    <ClCompile Include="..\..\..\src\other\bowProducer.cpp">
      <Filter>Sources</Filter>
    </ClCompile>
    <ClCompile Include="..\..\..\src\lld\cens.cpp">
      <Filter>Sources</Filter>
    </ClCompile>
    <ClCompile Include="..\..\..\src\lld\chroma.cpp">
      <Filter>Sources</Filter>
    </ClCompile>
    <ClCompile Include="..\..\..\src\core\commandlineParser.cpp">
      <Filter>Sources</Filter>
    </ClCompile>
    <ClCompile Include="..\..\..\src\core\componentManager.cpp">
      <Filter>Sources</Filter>
    </ClCompile>
    <ClCompile Include="..\..\..\src\core\configManager.cpp">
      <Filter>Sources</Filter>
    </ClCompile>
    <ClCompile Include="..\..\..\src\dspcore\contourSmoother.cpp">
      <Filter>Sources</Filter>
    </ClCompile>
    <ClCompile Include="..\..\..\src\iocore\csvSink.cpp">
      <Filter>Sources</Filter>
    </ClCompile>
    <ClCompile Include="..\..\..\src\iocore\csvSource.cpp">
      <Filter>Sources</Filter>
    </ClCompile>
    <ClCompile Include="..\..\..\src\iocore\datadumpSink.cpp">
      <Filter>Sources</Filter>
    </ClCompile>
    <ClCompile Include="..\..\..\src\core\dataMemory.cpp">
      <Filter>Sources</Filter>
    </ClCompile>
    <ClCompile Include="..\..\..\src\core\dataProcessor.cpp">
      <Filter>Sources</Filter>
    </ClCompile>
    <ClCompile Include="..\..\..\src\core\dataReader.cpp">
      <Filter>Sources</Filter>
    </ClCompile>
    <ClCompile Include="..\..\..\src\core\dataSelector.cpp">
      <Filter>Sources</Filter>
    </ClCompile>
    <ClCompile Include="..\..\..\src\core\dataSink.cpp">
      <Filter>Sources</Filter>
    </ClCompile>
    <ClCompile Include="..\..\..\src\core\dataSource.cpp">
      <Filter>Sources</Filter>
    </ClCompile>
    <ClCompile Include="..\..\..\src\core\dataWriter.cpp">
      <Filter>Sources</Filter>
    </ClCompile>
    <ClCompile Include="..\..\..\src\dsp\dbA.cpp">
      <Filter>Sources</Filter>
    </ClCompile>
    <ClCompile Include="..\..\..\src\dspcore\deltaRegression.cpp">
      <Filter>Sources</Filter>
    </ClCompile>
    <ClCompile Include="..\..\..\src\lldcore\energy.cpp">
      <Filter>Sources</Filter>
    </ClCompile>
    <ClCompile Include="..\..\..\src\examples\exampleSink.cpp">
      <Filter>Sources</Filter>
    </ClCompile>
    <ClCompile Include="..\..\..\src\examples\exampleSource.cpp">
      <Filter>Sources</Filter>
    </ClCompile>
    <ClCompile Include="..\..\..\src\core\exceptions.cpp">
      <Filter>Sources</Filter>
    </ClCompile>
    <ClCompile Include="..\..\..\src\dspcore\fftmagphase.cpp">
      <Filter>Sources</Filter>
    </ClCompile>
    <ClCompile Include="..\..\..\src\dspcore\fftsg.c">
      <Filter>Sources</Filter>
    </ClCompile>
    <ClCompile Include="..\..\..\src\lld\formantLpc.cpp">
      <Filter>Sources</Filter>
    </ClCompile>
    <ClCompile Include="..\..\..\src\lld\formantSmoother.cpp">
      <Filter>Sources</Filter>
    </ClCompile>
    <ClCompile Include="..\..\..\src\dspcore\framer.cpp">
      <Filter>Sources</Filter>
    </ClCompile>
    <ClCompile Include="..\..\..\src\dspcore\fullinputMean.cpp">
      <Filter>Sources</Filter>
    </ClCompile>
    <ClCompile Include="..\..\..\src\dspcore\fullturnMean.cpp">
      <Filter>Sources</Filter>
    </ClCompile>
    <ClCompile Include="..\..\..\src\functionals\functionalComponent.cpp">
      <Filter>Sources</Filter>
    </ClCompile>
    <ClCompile Include="..\..\..\src\functionals\functionalCrossings.cpp">
      <Filter>Sources</Filter>
    </ClCompile>
    <ClCompile Include="..\..\..\src\functionals\functionalDCT.cpp">
      <Filter>Sources</Filter>
    </ClCompile>
    <ClCompile Include="..\..\..\src\functionals\functionalExtremes.cpp">
      <Filter>Sources</Filter>
    </ClCompile>
    <ClCompile Include="..\..\..\src\functionals\functionalLpc.cpp">
      <Filter>Sources</Filter>
    </ClCompile>
    <ClCompile Include="..\..\..\src\functionals\functionalMeans.cpp">
      <Filter>Sources</Filter>
    </ClCompile>
    <ClCompile Include="..\..\..\src\functionals\functionalMoments.cpp">
      <Filter>Sources</Filter>
    </ClCompile>
    <ClCompile Include="..\..\..\src\functionals\functionalOnset.cpp">
      <Filter>Sources</Filter>
    </ClCompile>
    <ClCompile Include="..\..\..\src\functionals\functionalPeaks.cpp">
      <Filter>Sources</Filter>
    </ClCompile>
    <ClCompile Include="..\..\..\src\functionals\functionalPeaks2.cpp">
      <Filter>Sources</Filter>
    </ClCompile>
    <ClCompile Include="..\..\..\src\functionals\functionalPercentiles.cpp">
      <Filter>Sources</Filter>
    </ClCompile>
    <ClCompile Include="..\..\..\src\functionals\functionalRegression.cpp">
      <Filter>Sources</Filter>
    </ClCompile>
    <ClCompile Include="..\..\..\src\functionals\functionals.cpp">
      <Filter>Sources</Filter>
    </ClCompile>
    <ClCompile Include="..\..\..\src\functionals\functionalSamples.cpp">
      <Filter>Sources</Filter>
    </ClCompile>
    <ClCompile Include="..\..\..\src\functionals\functionalSegments.cpp">
      <Filter>Sources</Filter>
    </ClCompile>
    <ClCompile Include="..\..\..\src\functionals\functionalTimes.cpp">
      <Filter>Sources</Filter>
    </ClCompile>
    <ClCompile Include="..\..\..\src\lld\harmonics.cpp">
      <Filter>Sources</Filter>
    </ClCompile>
    <ClCompile Include="..\..\..\src\iocore\htkSink.cpp">
      <Filter>Sources</Filter>
    </ClCompile>
    <ClCompile Include="..\..\..\src\iocore\htkSource.cpp">
      <Filter>Sources</Filter>
    </ClCompile>
    <ClCompile Include="..\..\..\src\lldcore\intensity.cpp">
      <Filter>Sources</Filter>
    </ClCompile>
    <ClCompile Include="..\..\..\src\classifiers\julius\juliusSink.cpp">
      <Filter>Sources</Filter>
    </ClCompile>
    <ClCompile Include="..\..\..\src\io\libsvmSink.cpp">
      <Filter>Sources</Filter>
    </ClCompile>
    <ClCompile Include="..\..\..\src\lld\lpc.cpp">
      <Filter>Sources</Filter>
    </ClCompile>
    <ClCompile Include="..\..\..\src\lld\lsp.cpp">
      <Filter>Sources</Filter>
    </ClCompile>
    <ClCompile Include="..\..\..\src\other\maxIndex.cpp">
      <Filter>Sources</Filter>
    </ClCompile>
    <ClCompile Include="..\..\..\src\lldcore\melspec.cpp">
      <Filter>Sources</Filter>
    </ClCompile>
    <ClCompile Include="..\..\..\src\lldcore\mfcc.cpp">
      <Filter>Sources</Filter>
    </ClCompile>
    <ClCompile Include="..\..\..\src\dspcore\monoMixdown.cpp">
      <Filter>Sources</Filter>
    </ClCompile>
    <ClCompile Include="..\..\..\src\lldcore\mzcr.cpp">
      <Filter>Sources</Filter>
    </ClCompile>
    <ClCompile Include="..\..\..\src\core\nullSink.cpp">
      <Filter>Sources</Filter>
    </ClCompile>
    <ClCompile Include="..\..\..\src\video\openCVSource.cpp">
      <Filter>Sources</Filter>
    </ClCompile>
    <ClCompile Include="..\..\..\src\lldcore\pitchACF.cpp">
      <Filter>Sources</Filter>
    </ClCompile>
    <ClCompile Include="..\..\..\src\lldcore\pitchBase.cpp">
      <Filter>Sources</Filter>
    </ClCompile>
    <ClCompile Include="..\..\..\src\lld\pitchDirection.cpp">
      <Filter>Sources</Filter>
    </ClCompile>
    <ClCompile Include="..\..\..\src\lld\pitchJitter.cpp">
      <Filter>Sources</Filter>
    </ClCompile>
    <ClCompile Include="..\..\..\src\lld\pitchShs.cpp">
      <Filter>Sources</Filter>
    </ClCompile>
    <ClCompile Include="..\..\..\src\lldcore\pitchSmoother.cpp">
      <Filter>Sources</Filter>
    </ClCompile>
    <ClCompile Include="..\..\..\src\lld\pitchSmootherViterbi.cpp">
      <Filter>Sources</Filter>
    </ClCompile>
    <ClCompile Include="..\..\..\src\lldcore\plp.cpp">
      <Filter>Sources</Filter>
    </ClCompile>
    <ClCompile Include="..\..\..\src\dspcore\preemphasis.cpp">
      <Filter>Sources</Filter>
    </ClCompile>
    <ClCompile Include="..\..\..\src\dsp\signalGenerator.cpp">
      <Filter>Sources</Filter>
    </ClCompile>
    <ClCompile Include="..\..\..\src\core\smileCommon.cpp">
      <Filter>Sources</Filter>
    </ClCompile>
    <ClCompile Include="..\..\..\src\core\smileComponent.cpp">
      <Filter>Sources</Filter>
    </ClCompile>
    <ClCompile Include="..\..\..\src\core\smileLogger.cpp">
      <Filter>Sources</Filter>
    </ClCompile>
    <ClCompile Include="..\..\..\src\dsp\smileResample.cpp">
      <Filter>Sources</Filter>
    </ClCompile>
    <ClCompile Include="..\..\..\src\smileutil\smileUtil.c">
      <Filter>Sources</Filter>
    </ClCompile>
    <ClCompile Include="..\..\..\src\smileutil\smileUtilSpline.c">
      <Filter>Sources</Filter>
    </ClCompile>
    <ClCompile Include="..\..\..\src\dsp\specResample.cpp">
      <Filter>Sources</Filter>
    </ClCompile>
    <ClCompile Include="..\..\..\src\dsp\specScale.cpp">
      <Filter>Sources</Filter>
    </ClCompile>
    <ClCompile Include="..\..\..\src\lldcore\spectral.cpp">
      <Filter>Sources</Filter>
    </ClCompile>
    <ClCompile Include="..\..\..\src\lld\tonefilt.cpp">
      <Filter>Sources</Filter>
    </ClCompile>
    <ClCompile Include="..\..\..\src\lld\tonespec.cpp">
      <Filter>Sources</Filter>
    </ClCompile>
    <ClCompile Include="..\..\..\src\dspcore\transformFft.cpp">
      <Filter>Sources</Filter>
    </ClCompile>
    <ClCompile Include="..\..\..\src\dspcore\turnDetector.cpp">
      <Filter>Sources</Filter>
    </ClCompile>
    <ClCompile Include="..\..\..\src\dsp\vadV1.cpp">
      <Filter>Sources</Filter>
    </ClCompile>
    <ClCompile Include="..\..\..\src\other\valbasedSelector.cpp">
      <Filter>Sources</Filter>
    </ClCompile>
    <ClCompile Include="..\..\..\src\other\vectorConcat.cpp">
      <Filter>Sources</Filter>
    </ClCompile>
    <ClCompile Include="..\..\..\src\dspcore\vectorMVN.cpp">
      <Filter>Sources</Filter>
    </ClCompile>
    <ClCompile Include="..\..\..\src\other\vectorOperation.cpp">
      <Filter>Sources</Filter>
    </ClCompile>
    <ClCompile Include="..\..\..\src\dspcore\vectorPreemphasis.cpp">
      <Filter>Sources</Filter>
    </ClCompile>
    <ClCompile Include="..\..\..\src\core\vectorProcessor.cpp">
      <Filter>Sources</Filter>
    </ClCompile>
    <ClCompile Include="..\..\..\src\core\vectorTransform.cpp">
      <Filter>Sources</Filter>
    </ClCompile>
    <ClCompile Include="..\..\..\src\core\vecToWinProcessor.cpp">
      <Filter>Sources</Filter>
    </ClCompile>
    <ClCompile Include="..\..\..\src\iocore\waveSink.cpp">
      <Filter>Sources</Filter>
    </ClCompile>
    <ClCompile Include="..\..\..\src\iocore\waveSinkCut.cpp">
      <Filter>Sources</Filter>
    </ClCompile>
    <ClCompile Include="..\..\..\src\iocore\waveSource.cpp">
      <Filter>Sources</Filter>
    </ClCompile>
    <ClCompile Include="..\..\..\src\dspcore\windower.cpp">
      <Filter>Sources</Filter>
    </ClCompile>
    <ClCompile Include="..\..\..\src\core\windowProcessor.cpp">
      <Filter>Sources</Filter>
    </ClCompile>
    <ClCompile Include="..\..\..\src\core\winToVecProcessor.cpp">
      <Filter>Sources</Filter>
    </ClCompile>
    <ClCompile Include="..\..\..\src\smileutil\zerosolve.cpp">
      <Filter>Sources</Filter>
    </ClCompile>
    <ClCompile Include="..\..\..\src\examples\simpleMessageSender.cpp">
      <Filter>Sources</Filter>
    </ClCompile>
  </ItemGroup>
  <ItemGroup>
    <ClInclude Include="..\..\..\src\include\dspcore\acf.hpp">
      <Filter>Headers</Filter>
    </ClInclude>
    <ClInclude Include="..\..\..\src\include\dspcore\amdf.hpp">
      <Filter>Headers</Filter>
    </ClInclude>
    <ClInclude Include="..\..\..\src\include\iocore\arffSink.hpp">
      <Filter>Headers</Filter>
    </ClInclude>
    <ClInclude Include="..\..\..\src\include\iocore\arffSource.hpp">
      <Filter>Headers</Filter>
    </ClInclude>
    <ClInclude Include="..\..\..\src\include\other\bowProducer.hpp">
      <Filter>Headers</Filter>
    </ClInclude>
    <ClInclude Include="..\..\..\src\include\lld\cens.hpp">
      <Filter>Headers</Filter>
    </ClInclude>
    <ClInclude Include="..\..\..\src\include\lld\chroma.hpp">
      <Filter>Headers</Filter>
    </ClInclude>
    <ClInclude Include="..\..\..\src\include\core\commandlineParser.hpp">
      <Filter>Headers</Filter>
    </ClInclude>
    <ClInclude Include="..\..\..\src\include\core\componentList.hpp">
      <Filter>Headers</Filter>
    </ClInclude>
    <ClInclude Include="..\..\..\src\include\core\componentManager.hpp">
      <Filter>Headers</Filter>
    </ClInclude>
    <ClInclude Include="..\..\..\src\include\core\configManager.hpp">
      <Filter>Headers</Filter>
    </ClInclude>
    <ClInclude Include="..\..\..\src\include\dspcore\contourSmoother.hpp">
      <Filter>Headers</Filter>
    </ClInclude>
    <ClInclude Include="..\..\..\src\include\iocore\csvSink.hpp">
      <Filter>Headers</Filter>
    </ClInclude>
    <ClInclude Include="..\..\..\src\include\iocore\csvSource.hpp">
      <Filter>Headers</Filter>
    </ClInclude>
    <ClInclude Include="..\..\..\src\include\iocore\datadumpSink.hpp">
      <Filter>Headers</Filter>
    </ClInclude>
    <ClInclude Include="..\..\..\src\include\core\dataMemory.hpp">
      <Filter>Headers</Filter>
    </ClInclude>
    <ClInclude Include="..\..\..\src\include\core\dataProcessor.hpp">
      <Filter>Headers</Filter>
    </ClInclude>
    <ClInclude Include="..\..\..\src\include\core\dataReader.hpp">
      <Filter>Headers</Filter>
    </ClInclude>
    <ClInclude Include="..\..\..\src\include\core\dataSelector.hpp">
      <Filter>Headers</Filter>
    </ClInclude>
    <ClInclude Include="..\..\..\src\include\core\dataSink.hpp">
      <Filter>Headers</Filter>
    </ClInclude>
    <ClInclude Include="..\..\..\src\include\core\dataSource.hpp">
      <Filter>Headers</Filter>
    </ClInclude>
    <ClInclude Include="..\..\..\src\include\core\dataWriter.hpp">
      <Filter>Headers</Filter>
    </ClInclude>
    <ClInclude Include="..\..\..\src\include\dsp\dbA.hpp">
      <Filter>Headers</Filter>
    </ClInclude>
    <ClInclude Include="..\..\..\src\include\dspcore\deltaRegression.hpp">
      <Filter>Headers</Filter>
    </ClInclude>
    <ClInclude Include="..\..\..\src\include\lldcore\energy.hpp">
      <Filter>Headers</Filter>
    </ClInclude>
    <ClInclude Include="..\..\..\src\include\examples\exampleSink.hpp">
      <Filter>Headers</Filter>
    </ClInclude>
    <ClInclude Include="..\..\..\src\include\examples\exampleSource.hpp">
      <Filter>Headers</Filter>
    </ClInclude>
    <ClInclude Include="..\..\..\src\include\core\exceptions.hpp">
      <Filter>Headers</Filter>
    </ClInclude>
    <ClInclude Include="..\..\..\src\include\dspcore\fftmagphase.hpp">
      <Filter>Headers</Filter>
    </ClInclude>
    <ClInclude Include="..\..\..\src\include\dspcore\fftXg.h">
      <Filter>Headers</Filter>
    </ClInclude>
    <ClInclude Include="..\..\..\src\include\lld\formantLpc.hpp">
      <Filter>Headers</Filter>
    </ClInclude>
    <ClInclude Include="..\..\..\src\include\lld\formantSmoother.hpp">
      <Filter>Headers</Filter>
    </ClInclude>
    <ClInclude Include="..\..\..\src\include\dspcore\framer.hpp">
      <Filter>Headers</Filter>
    </ClInclude>
    <ClInclude Include="..\..\..\src\include\dspcore\fullinputMean.hpp">
      <Filter>Headers</Filter>
    </ClInclude>
    <ClInclude Include="..\..\..\src\include\dspcore\fullturnMean.hpp">
      <Filter>Headers</Filter>
    </ClInclude>
    <ClInclude Include="..\..\..\src\include\functionals\functionalComponent.hpp">
      <Filter>Headers</Filter>
    </ClInclude>
    <ClInclude Include="..\..\..\src\include\functionals\functionalCrossings.hpp">
      <Filter>Headers</Filter>
    </ClInclude>
    <ClInclude Include="..\..\..\src\include\functionals\functionalDCT.hpp">
      <Filter>Headers</Filter>
    </ClInclude>
    <ClInclude Include="..\..\..\src\include\functionals\functionalExtremes.hpp">
      <Filter>Headers</Filter>
    </ClInclude>
    <ClInclude Include="..\..\..\src\include\functionals\functionalLpc.hpp">
      <Filter>Headers</Filter>
    </ClInclude>
    <ClInclude Include="..\..\..\src\include\functionals\functionalMeans.hpp">
      <Filter>Headers</Filter>
    </ClInclude>
    <ClInclude Include="..\..\..\src\include\functionals\functionalMoments.hpp">
      <Filter>Headers</Filter>
    </ClInclude>
    <ClInclude Include="..\..\..\src\include\functionals\functionalOnset.hpp">
      <Filter>Headers</Filter>
    </ClInclude>
    <ClInclude Include="..\..\..\src\include\functionals\functionalPeaks.hpp">
      <Filter>Headers</Filter>
    </ClInclude>
    <ClInclude Include="..\..\..\src\include\functionals\functionalPeaks2.hpp">
      <Filter>Headers</Filter>
    </ClInclude>
    <ClInclude Include="..\..\..\src\include\functionals\functionalPercentiles.hpp">
      <Filter>Headers</Filter>
    </ClInclude>
    <ClInclude Include="..\..\..\src\include\functionals\functionalRegression.hpp">
      <Filter>Headers</Filter>
    </ClInclude>
    <ClInclude Include="..\..\..\src\include\functionals\functionals.hpp">
      <Filter>Headers</Filter>
    </ClInclude>
    <ClInclude Include="..\..\..\src\include\functionals\functionalSamples.hpp">
      <Filter>Headers</Filter>
    </ClInclude>
    <ClInclude Include="..\..\..\src\include\functionals\functionalSegments.hpp">
      <Filter>Headers</Filter>
    </ClInclude>
    <ClInclude Include="..\..\..\src\include\functionals\functionalTimes.hpp">
      <Filter>Headers</Filter>
    </ClInclude>
    <ClInclude Include="..\..\..\src\include\lld\harmonics.hpp">
      <Filter>Headers</Filter>
    </ClInclude>
    <ClInclude Include="..\..\..\src\include\iocore\htkSink.hpp">
      <Filter>Headers</Filter>
    </ClInclude>
    <ClInclude Include="..\..\..\src\include\iocore\htkSource.hpp">
      <Filter>Headers</Filter>
    </ClInclude>
    <ClInclude Include="..\..\..\src\include\lldcore\intensity.hpp">
      <Filter>Headers</Filter>
    </ClInclude>
    <ClInclude Include="..\..\..\src\include\classifiers\julius\juliusSink.hpp">
      <Filter>Headers</Filter>
    </ClInclude>
    <ClInclude Include="..\..\..\src\include\classifiers\julius\kwsjKresult.h">
      <Filter>Headers</Filter>
    </ClInclude>
    <ClInclude Include="..\..\..\src\include\io\libsvmSink.hpp">
      <Filter>Headers</Filter>
    </ClInclude>
    <ClInclude Include="..\..\..\src\include\lld\lpc.hpp">
      <Filter>Headers</Filter>
    </ClInclude>
    <ClInclude Include="..\..\..\src\include\lld\lsp.hpp">
      <Filter>Headers</Filter>
    </ClInclude>
    <ClInclude Include="..\..\..\src\include\other\maxIndex.hpp">
      <Filter>Headers</Filter>
    </ClInclude>
    <ClInclude Include="..\..\..\src\include\lldcore\melspec.hpp">
      <Filter>Headers</Filter>
    </ClInclude>
    <ClInclude Include="..\..\..\src\include\lldcore\mfcc.hpp">
      <Filter>Headers</Filter>
    </ClInclude>
    <ClInclude Include="..\..\..\src\include\dspcore\monoMixdown.hpp">
      <Filter>Headers</Filter>
    </ClInclude>
    <ClInclude Include="..\..\..\src\include\lldcore\mzcr.hpp">
      <Filter>Headers</Filter>
    </ClInclude>
    <ClInclude Include="..\..\..\src\include\core\nullSink.hpp">
      <Filter>Headers</Filter>
    </ClInclude>
    <ClInclude Include="..\..\..\src\include\video\openCVSource.hpp">
      <Filter>Headers</Filter>
    </ClInclude>
    <ClInclude Include="..\..\..\src\include\lldcore\pitchACF.hpp">
      <Filter>Headers</Filter>
    </ClInclude>
    <ClInclude Include="..\..\..\src\include\lldcore\pitchBase.hpp">
      <Filter>Headers</Filter>
    </ClInclude>
    <ClInclude Include="..\..\..\src\include\lld\pitchDirection.hpp">
      <Filter>Headers</Filter>
    </ClInclude>
    <ClInclude Include="..\..\..\src\include\lld\pitchJitter.hpp">
      <Filter>Headers</Filter>
    </ClInclude>
    <ClInclude Include="..\..\..\src\include\lld\pitchShs.hpp">
      <Filter>Headers</Filter>
    </ClInclude>
    <ClInclude Include="..\..\..\src\include\lldcore\pitchSmoother.hpp">
      <Filter>Headers</Filter>
    </ClInclude>
    <ClInclude Include="..\..\..\src\include\lld\pitchSmootherViterbi.hpp">
      <Filter>Headers</Filter>
    </ClInclude>
    <ClInclude Include="..\..\..\src\include\lldcore\plp.hpp">
      <Filter>Headers</Filter>
    </ClInclude>
    <ClInclude Include="..\..\..\src\include\dspcore\preemphasis.hpp">
      <Filter>Headers</Filter>
    </ClInclude>
    <ClInclude Include="..\..\..\src\include\dsp\signalGenerator.hpp">
      <Filter>Headers</Filter>
    </ClInclude>
    <ClInclude Include="..\..\..\src\include\core\smileCommon.hpp">
      <Filter>Headers</Filter>
    </ClInclude>
    <ClInclude Include="..\..\..\src\include\core\smileComponent.hpp">
      <Filter>Headers</Filter>
    </ClInclude>
    <ClInclude Include="..\..\..\src\include\core\smileLogger.hpp">
      <Filter>Headers</Filter>
    </ClInclude>
    <ClInclude Include="..\..\..\src\include\dsp\smileResample.hpp">
      <Filter>Headers</Filter>
    </ClInclude>
    <ClInclude Include="..\..\..\src\include\core\smileTypes.hpp">
      <Filter>Headers</Filter>
    </ClInclude>
    <ClInclude Include="..\..\..\src\include\smileutil\smileUtil.h">
      <Filter>Headers</Filter>
    </ClInclude>
    <ClInclude Include="..\..\..\src\include\smileutil\smileUtilSpline.h">
      <Filter>Headers</Filter>
    </ClInclude>
    <ClInclude Include="..\..\..\src\include\dsp\specResample.hpp">
      <Filter>Headers</Filter>
    </ClInclude>
    <ClInclude Include="..\..\..\src\include\dsp\specScale.hpp">
      <Filter>Headers</Filter>
    </ClInclude>
    <ClInclude Include="..\..\..\src\include\lldcore\spectral.hpp">
      <Filter>Headers</Filter>
    </ClInclude>
    <ClInclude Include="..\..\..\src\core\svn_version.hpp">
      <Filter>Headers</Filter>
    </ClInclude>
    <ClInclude Include="..\..\..\src\include\lld\tonefilt.hpp">
      <Filter>Headers</Filter>
    </ClInclude>
    <ClInclude Include="..\..\..\src\include\lld\tonespec.hpp">
      <Filter>Headers</Filter>
    </ClInclude>
    <ClInclude Include="..\..\..\src\include\dspcore\transformFft.hpp">
      <Filter>Headers</Filter>
    </ClInclude>
    <ClInclude Include="..\..\..\src\include\dspcore\turnDetector.hpp">
      <Filter>Headers</Filter>
    </ClInclude>
    <ClInclude Include="..\..\..\src\include\dsp\vadV1.hpp">
      <Filter>Headers</Filter>
    </ClInclude>
    <ClInclude Include="..\..\..\src\include\other\valbasedSelector.hpp">
      <Filter>Headers</Filter>
    </ClInclude>
    <ClInclude Include="..\..\..\src\include\other\vectorConcat.hpp">
      <Filter>Headers</Filter>
    </ClInclude>
    <ClInclude Include="..\..\..\src\include\dspcore\vectorMVN.hpp">
      <Filter>Headers</Filter>
    </ClInclude>
    <ClInclude Include="..\..\..\src\include\other\vectorOperation.hpp">
      <Filter>Headers</Filter>
    </ClInclude>
    <ClInclude Include="..\..\..\src\include\dspcore\vectorPreemphasis.hpp">
      <Filter>Headers</Filter>
    </ClInclude>
    <ClInclude Include="..\..\..\src\include\core\vectorProcessor.hpp">
      <Filter>Headers</Filter>
    </ClInclude>
    <ClInclude Include="..\..\..\src\include\core\vectorTransform.hpp">
      <Filter>Headers</Filter>
    </ClInclude>
    <ClInclude Include="..\..\..\src\include\core\vecToWinProcessor.hpp">
      <Filter>Headers</Filter>
    </ClInclude>
    <ClInclude Include="..\..\..\src\include\iocore\waveSink.hpp">
      <Filter>Headers</Filter>
    </ClInclude>
    <ClInclude Include="..\..\..\src\include\iocore\waveSinkCut.hpp">
      <Filter>Headers</Filter>
    </ClInclude>
    <ClInclude Include="..\..\..\src\include\iocore\waveSource.hpp">
      <Filter>Headers</Filter>
    </ClInclude>
    <ClInclude Include="..\..\..\src\include\dspcore\windower.hpp">
      <Filter>Headers</Filter>
    </ClInclude>
    <ClInclude Include="..\..\..\src\include\core\windowProcessor.hpp">
      <Filter>Headers</Filter>
    </ClInclude>
    <ClInclude Include="..\..\..\src\include\core\winToVecProcessor.hpp">
      <Filter>Headers</Filter>
    </ClInclude>
    <ClInclude Include="..\..\..\src\include\smileutil\zerosolve.h">
      <Filter>Headers</Filter>
    </ClInclude>
    <ClInclude Include="..\..\..\src\include\examples\simpleMessageSender.hpp">
      <Filter>Headers</Filter>
    </ClInclude>
  </ItemGroup>
</Project>